
Microsoft Visual Studio Solution File, Format Version 12.00
# Visual Studio 15
VisualStudioVersion = 15.0.27703.2035
MinimumVisualStudioVersion = 10.0.40219.1
Project("{FAE04EC0-301F-11D3-BF4B-00C04F79EFBC}") = "DemoBotBuilderV4", "DemoBotBuilderV4\DemoBotBuilderV4.csproj", "{A7D19D0A-3C7D-4506-97DD-15B9F0FEEE1A}"
EndProject
Global
	GlobalSection(SolutionConfigurationPlatforms) = preSolution
		Debug|Any CPU = Debug|Any CPU
		Release|Any CPU = Release|Any CPU
	EndGlobalSection
	GlobalSection(ProjectConfigurationPlatforms) = postSolution
		{A7D19D0A-3C7D-4506-97DD-15B9F0FEEE1A}.Debug|Any CPU.ActiveCfg = Debug|Any CPU
		{A7D19D0A-3C7D-4506-97DD-15B9F0FEEE1A}.Debug|Any CPU.Build.0 = Debug|Any CPU
		{A7D19D0A-3C7D-4506-97DD-15B9F0FEEE1A}.Release|Any CPU.ActiveCfg = Release|Any CPU
		{A7D19D0A-3C7D-4506-97DD-15B9F0FEEE1A}.Release|Any CPU.Build.0 = Release|Any CPU
	EndGlobalSection
	GlobalSection(SolutionProperties) = preSolution
		HideSolutionNode = FALSE
	EndGlobalSection
	GlobalSection(ExtensibilityGlobals) = postSolution
		SolutionGuid = {49A061EB-7BCF-400A-B3C9-E87E89BCE70F}
	EndGlobalSection
EndGlobal
